{
  "lockfileVersion": 1,
  "configVersion": 1,
  "workspaces": {
    "": {
      "name": "@zhivex-ai/harness",
      "dependencies": {
        "@zhivex-ai/agents": "1.4.0",
        "@zhivex-ai/core": "1.14.0",
        "@zhivex-ai/gemini": "0.11.0",
        "@zhivex-ai/meta": "0.2.4",
        "@zhivex-ai/openai": "0.11.2",
        "@zhivex-ai/qwen": "0.11.4",
        "zod": "4.4.3",
      },
      "devDependencies": {
        "@modelcontextprotocol/server": "2.0.0",
        "@types/bun": "1.3.14",
        "@types/node": "26",
        "typescript": "6.0.3",
      },
    },
  },
  "overrides": {
    "@zhivex-ai/core": "1.14.0",
  },
  "packages": {
    "@modelcontextprotocol/core": ["@modelcontextprotocol/core@2.0.0", "", { "dependencies": { "zod": "^4.2.0" } }, "sha512-pJCEwGG7Lfr/+PQp9ZTwKXNeO5wzbfKL7H3MYpCorM4oFBoQrdjnBgEoqG+RjhsvS1FKrDbKux+M1HhlnGWqcA=="],

    "@modelcontextprotocol/server": ["@modelcontextprotocol/server@2.0.0", "", { "dependencies": { "@modelcontextprotocol/core": "2.0.0", "zod": "^4.2.0" } }, "sha512-YhHWdHfpFMQfd0prsEnxKeS3Qz3ytIGmsS0sth4KDjnacIT7hxk6hXHkJ9KysxlkvTM+WZAtQbbcUhdoP4Hvtw=="],

    "@types/bun": ["@types/bun@1.3.14", "", { "dependencies": { "bun-types": "1.3.14" } }, "sha512-h1hFqFVcvAvD9j9K7ZW7vd82aSA+rTdznZa+5bwvCwqSB1jmmfLcbIWhOLx1/+boy/xmjgCs/OMUL8hRJSmnPw=="],

    "@types/node": ["@types/node@26.4.0", "", { "dependencies": { "undici-types": "~8.3.0" } }, "sha512-faiGnoIrLH/V8cibOMEAZ8pMw6oXqSukl29ra4mN8GdaB2ZewzeaLj+INpV5N+Z1eKWzY+IzaIZH2EIR6YZRNQ=="],

    "@zhivex-ai/agents": ["@zhivex-ai/agents@1.4.0", "", { "dependencies": { "@zhivex-ai/core": "^1.14.0" } }, "sha512-rkcoDOKurRUTrPCIwfeAuafQur60fYXgzaQksYl2RLh+rcJR0khvn4H37FJ6yyTP4ZdKOPF8eSh0iJB6XtDu+A=="],

    "@zhivex-ai/core": ["@zhivex-ai/core@1.14.0", "", { "dependencies": { "zod": "^4.4.3" }, "peerDependencies": { "@opentelemetry/api": "^1.9.0" }, "optionalPeers": ["@opentelemetry/api"] }, "sha512-qwmtU2N9kK9VAwZtfjtqurKDGJDcwjSo4aXoJnTca5xzMYFcB2mAryK5CcN3Y67kPgsn9Z/IrLcEpEJf5CcUPg=="],

    "@zhivex-ai/gemini": ["@zhivex-ai/gemini@0.11.0", "", { "dependencies": { "@zhivex-ai/core": "^1.4.0", "zod": "^4.4.3" } }, "sha512-QfVcxuL+nw0mreByRq7bWF0ezCbDCX1D3ROmezLIIBWBoofBnJNrAHMiNour3N1TQvmQoi6QJD1QsnLw0bGoMg=="],

    "@zhivex-ai/meta": ["@zhivex-ai/meta@0.2.4", "", { "dependencies": { "@zhivex-ai/core": "^1.16.1", "zod": "^4.6.3" } }, "sha512-vvZEF5IJonW+7RJAOv5tQ/k6TDZQaQfXJkyu6nNwnns4ID65V5jDyntYpMV9QIKO244b4rPh7ZT9+b8KpM69Wg=="],

    "@zhivex-ai/openai": ["@zhivex-ai/openai@0.11.2", "", { "dependencies": { "@zhivex-ai/core": "^1.13.0", "zod": "^4.4.3" } }, "sha512-OWQy/Vwvs7JEUOzcHXGd8BTS1wJedvaJiOHvNHcMOac7tsb3KdOSyVqyfquA6SnWIIvG5OCUfhC/vje2izIrnA=="],

    "@zhivex-ai/qwen": ["@zhivex-ai/qwen@0.11.4", "", { "dependencies": { "@zhivex-ai/core": "^1.13.0", "ws": "^8.21.1", "zod": "^4.4.3" } }, "sha512-AH6QH+n9aPk1nw/USv6qK+w1Rg1w5lWUuHaLHdJVg1d/iqjnFHQI1H/jAEdYxXF5VG+mfL5qgWufEvgT64yqmw=="],

    "bun-types": ["bun-types@1.3.14", "", { "dependencies": { "@types/node": "*" } }, "sha512-4N0ig0fEomHt5R0KCFWjovxow98rIoRwKolrYdCcknNwMekCXRnWEUvgu5soYV8QXtVsrUD8B95MBOZGPvr6KQ=="],

    "typescript": ["typescript@6.0.3", "", { "bin": { "tsc": "bin/tsc", "tsserver": "bin/tsserver" } }, "sha512-y2TvuxSZPDyQakkFRPZHKFm+KKVqIisdg9/CZwm9ftvKXLP8NRWj38/ODjNbr43SsoXqNuAisEf1GdCxqWcdBw=="],

    "undici-types": ["undici-types@8.3.0", "", {}, "sha512-j375ScV60dom+YkPFIfTLcOiPxkN/buHz5GobjLhixFuANaNs3C9l4GmrWqejgXWJ7BbJcFYpTEUkS1Ge8bpZQ=="],

    "ws": ["ws@8.21.3", "", { "peerDependencies": { "bufferutil": "^4.0.1", "utf-8-validate": ">=5.0.2" }, "optionalPeers": ["bufferutil", "utf-8-validate"] }, "sha512-201TZ/kPWxoPr/OKWjquZR1SWKXcvxdH+e1xrx89b3YbmzLMFCLfnaG1HFIgWzJOEWZ7MvpK++odZufgYR50Rw=="],

    "zod": ["zod@4.4.3", "", {}, "sha512-ytENFjIJFl2UwYglde2jchW2Hwm4GJFLDiSXWdTrJQBIN9Fcyp7n4DhxJEiWNAJMV1/BqWfW/kkg71UDcHJyTQ=="],

    "@zhivex-ai/meta/zod": ["zod@4.6.5", "", {}, "sha512-v5l/aFXZQeai4awLbOpSoHecE9UiMrnfx75tEXLjNonXVARxQ5mOeipTjROUchszUNCqnE+hqAMujRsRHsut2Q=="],

    "bun-types/@types/node": ["@types/node@26.2.0", "", { "dependencies": { "undici-types": "~8.3.0" } }, "sha512-5IviulTZeRNp2vAJ514cc/HUlY5nZ9fCbq9DMyC52BrhFZACo3nI0R7qBxhQmo/d27NFe96ur/b7Wwxklda+kg=="],
  }
}
